
Microsoft Visual Studio Solution File, Format Version 12.00
# Visual Studio Version 17
VisualStudioVersion = 17.10.35122.118
MinimumVisualStudioVersion = 10.0.40219.1
Project("{9A19103F-16F7-4668-BE54-9A1E7A4F7556}") = "Products.Api", "Products.Api\Products.Api.csproj", "{821A04EB-DC31-4D48-8A53-9C7A0FE750A2}"
EndProject
Project("{E53339B2-1760-4266-BCC7-CA923CBCF16C}") = "docker-compose", "docker-compose.dcproj", "{5286C66A-A331-43EE-AA37-CDC64DA672E1}"
EndProject
Global
	GlobalSection(SolutionConfigurationPlatforms) = preSolution
		Debug|Any CPU = Debug|Any CPU
		Release|Any CPU = Release|Any CPU
	EndGlobalSection
	GlobalSection(ProjectConfigurationPlatforms) = postSolution
		{821A04EB-DC31-4D48-8A53-9C7A0FE750A2}.Debug|Any CPU.ActiveCfg = Debug|Any CPU
		{821A04EB-DC31-4D48-8A53-9C7A0FE750A2}.Debug|Any CPU.Build.0 = Debug|Any CPU
		{821A04EB-DC31-4D48-8A53-9C7A0FE750A2}.Release|Any CPU.ActiveCfg = Release|Any CPU
		{821A04EB-DC31-4D48-8A53-9C7A0FE750A2}.Release|Any CPU.Build.0 = Release|Any CPU
		{5286C66A-A331-43EE-AA37-CDC64DA672E1}.Debug|Any CPU.ActiveCfg = Debug|Any CPU
		{5286C66A-A331-43EE-AA37-CDC64DA672E1}.Debug|Any CPU.Build.0 = Debug|Any CPU
		{5286C66A-A331-43EE-AA37-CDC64DA672E1}.Release|Any CPU.ActiveCfg = Release|Any CPU
		{5286C66A-A331-43EE-AA37-CDC64DA672E1}.Release|Any CPU.Build.0 = Release|Any CPU
	EndGlobalSection
	GlobalSection(SolutionProperties) = preSolution
		HideSolutionNode = FALSE
	EndGlobalSection
	GlobalSection(ExtensibilityGlobals) = postSolution
		SolutionGuid = {FEDD427E-95E5-4049-9455-BEF89716733F}
	EndGlobalSection
EndGlobal
